<?xml version="1.0" encoding="UTF-8" standalone="yes" ?>
<CodeBlocks_project_file>
	<FileVersion major="1" minor="6" />
	<Project>
		<Option title="BookMyShow" />
		<Option pch_mode="2" />
		<Option compiler="gcc" />
		<Build>
			<Target title="Debug">
				<Option output="bin/Debug/BookMyShow" prefix_auto="1" extension_auto="1" />
				<Option object_output="obj/Debug/" />
				<Option type="1" />
				<Option compiler="gcc" />
				<Compiler>
					<Add option="-g" />
				</Compiler>
			</Target>
			<Target title="Release">
				<Option output="bin/Release/BookMyShow" prefix_auto="1" extension_auto="1" />
				<Option object_output="obj/Release/" />
				<Option type="1" />
				<Option compiler="gcc" />
				<Compiler>
					<Add option="-O2" />
				</Compiler>
				<Linker>
					<Add option="-s" />
				</Linker>
			</Target>
		</Build>
		<Compiler>
			<Add option="-Wall" />
			<Add option="-fexceptions" />
		</Compiler>
		<Unit filename="../Admin.cpp" />
		<Unit filename="../Admin.h" />
		<Unit filename="../BookingMgr.cpp" />
		<Unit filename="../BookingMgr.h" />
		<Unit filename="../Cinema.cpp" />
		<Unit filename="../Cinema.h" />
		<Unit filename="../CinemaDatabase.cpp" />
		<Unit filename="../CinemaDatabase.h" />
		<Unit filename="../Guest.cpp" />
		<Unit filename="../Guest.h" />
		<Unit filename="../LinkedList.cpp" />
		<Unit filename="../LinkedList.h" />
		<Unit filename="../LoginMgr.cpp" />
		<Unit filename="../LoginMgr.h" />
		<Unit filename="../Main.cpp" />
		<Unit filename="../Member.cpp" />
		<Unit filename="../Member.h" />
		<Unit filename="../Movie.cpp" />
		<Unit filename="../Movie.h" />
		<Unit filename="../MovieDatabase.cpp" />
		<Unit filename="../MovieDatabase.h" />
		<Unit filename="../PersistentObjectUtility.cpp" />
		<Unit filename="../PersistentObjectUtility.h" />
		<Unit filename="../SeatingArrangement.cpp" />
		<Unit filename="../SeatingArrangement.h" />
		<Unit filename="../Slot.cpp" />
		<Unit filename="../Slot.h" />
		<Unit filename="../StdSeatingPlan.cpp" />
		<Unit filename="../StdSeatingPlan.h" />
		<Unit filename="../StdSlot.cpp" />
		<Unit filename="../StdSlot.h" />
		<Unit filename="../User.cpp" />
		<Unit filename="../User.h" />
		<Unit filename="../UserDatabase.cpp" />
		<Unit filename="../UserDatabase.h" />
		<Extensions>
			<code_completion />
			<envvars />
			<debugger />
			<lib_finder disable_auto="1" />
		</Extensions>
	</Project>
</CodeBlocks_project_file>
